// !$*UTF8*$!
{
	archiveVersion = 1;
	classes = {
	};
	objectVersion = 51;
	objects = {

/* Begin PBXBuildFile section */
		14CE91E0BFF165F553219362 /* Pods_BatteryWatchSK.framework in Frameworks */ = {isa = PBXBuildFile; fileRef = AA1ABB9B37FB80C7299D9C2F /* Pods_BatteryWatchSK.framework */; };
		170FCC92235D05BF00180AD9 /* AppDelegate.swift in Sources */ = {isa = PBXBuildFile; fileRef = 170FCC91235D05BF00180AD9 /* AppDelegate.swift */; };
		170FCC94235D05BF00180AD9 /* SceneDelegate.swift in Sources */ = {isa = PBXBuildFile; fileRef = 170FCC93235D05BF00180AD9 /* SceneDelegate.swift */; };
		170FCC96235D05BF00180AD9 /* ViewController.swift in Sources */ = {isa = PBXBuildFile; fileRef = 170FCC95235D05BF00180AD9 /* ViewController.swift */; };
		170FCC99235D05BF00180AD9 /* Main.storyboard in Resources */ = {isa = PBXBuildFile; fileRef = 170FCC97235D05BF00180AD9 /* Main.storyboard */; };
		170FCC9B235D05C100180AD9 /* Assets.xcassets in Resources */ = {isa = PBXBuildFile; fileRef = 170FCC9A235D05C100180AD9 /* Assets.xcassets */; };
		170FCC9E235D05C100180AD9 /* LaunchScreen.storyboard in Resources */ = {isa = PBXBuildFile; fileRef = 170FCC9C235D05C100180AD9 /* LaunchScreen.storyboard */; };
		170FCCA3235D05C200180AD9 /* BatteryWatchSK WatchKit App.app in Embed Watch Content */ = {isa = PBXBuildFile; fileRef = 170FCCA2235D05C200180AD9 /* BatteryWatchSK WatchKit App.app */; settings = {ATTRIBUTES = (RemoveHeadersOnCopy, ); }; };
		170FCCA9235D05C200180AD9 /* Interface.storyboard in Resources */ = {isa = PBXBuildFile; fileRef = 170FCCA7235D05C200180AD9 /* Interface.storyboard */; };
		170FCCAB235D05C300180AD9 /* Assets.xcassets in Resources */ = {isa = PBXBuildFile; fileRef = 170FCCAA235D05C300180AD9 /* Assets.xcassets */; };
		170FCCB2235D05C300180AD9 /* BatteryWatchSK WatchKit Extension.appex in Embed App Extensions */ = {isa = PBXBuildFile; fileRef = 170FCCB1235D05C300180AD9 /* BatteryWatchSK WatchKit Extension.appex */; settings = {ATTRIBUTES = (RemoveHeadersOnCopy, ); }; };
		170FCCB7235D05C300180AD9 /* InterfaceController.swift in Sources */ = {isa = PBXBuildFile; fileRef = 170FCCB6235D05C300180AD9 /* InterfaceController.swift */; };
		170FCCB9235D05C300180AD9 /* ExtensionDelegate.swift in Sources */ = {isa = PBXBuildFile; fileRef = 170FCCB8235D05C300180AD9 /* ExtensionDelegate.swift */; };
		170FCCBB235D05C300180AD9 /* NotificationController.swift in Sources */ = {isa = PBXBuildFile; fileRef = 170FCCBA235D05C300180AD9 /* NotificationController.swift */; };
		170FCCBD235D05C300180AD9 /* ComplicationController.swift in Sources */ = {isa = PBXBuildFile; fileRef = 170FCCBC235D05C300180AD9 /* ComplicationController.swift */; };
		170FCCBF235D05C500180AD9 /* Assets.xcassets in Resources */ = {isa = PBXBuildFile; fileRef = 170FCCBE235D05C500180AD9 /* Assets.xcassets */; };
		1718535F2375A7E40058777F /* Model.swift in Sources */ = {isa = PBXBuildFile; fileRef = 1718535E2375A7E40058777F /* Model.swift */; };
		178877F7235F444E009457DB /* Model.swift in Sources */ = {isa = PBXBuildFile; fileRef = 178877F6235F444E009457DB /* Model.swift */; };
		17BE8543236C801E00B0189E /* GoogleUtilities.framework in Frameworks */ = {isa = PBXBuildFile; fileRef = 17BE853B236C801200B0189E /* GoogleUtilities.framework */; };
		17BE8544236C801E00B0189E /* GoogleMobileAds.framework in Frameworks */ = {isa = PBXBuildFile; fileRef = 17BE853C236C801700B0189E /* GoogleMobileAds.framework */; };
		17BE8545236C801E00B0189E /* GoogleAppMeasurement.framework in Frameworks */ = {isa = PBXBuildFile; fileRef = 17BE853D236C801B00B0189E /* GoogleAppMeasurement.framework */; };
		17BE8546236C801E00B0189E /* nanopb.framework in Frameworks */ = {isa = PBXBuildFile; fileRef = 17BE8542236C801E00B0189E /* nanopb.framework */; };
		CE4A264B258CAE1500D3F200 /* Localizable.strings in Resources */ = {isa = PBXBuildFile; fileRef = CE4A2649258CAE1500D3F200 /* Localizable.strings */; };
		CE576D0025DDA93B001564BA /* ViewControllerHelp.swift in Sources */ = {isa = PBXBuildFile; fileRef = CE576CFF25DDA93B001564BA /* ViewControllerHelp.swift */; };
/* End PBXBuildFile section */

/* Begin PBXContainerItemProxy section */
		170FCCA4235D05C200180AD9 /* PBXContainerItemProxy */ = {
			isa = PBXContainerItemProxy;
			containerPortal = 170FCC86235D05BF00180AD9 /* Project object */;
			proxyType = 1;
			remoteGlobalIDString = 170FCCA1235D05C200180AD9;
			remoteInfo = "BatteryWatchSK WatchKit App";
		};
		170FCCB3235D05C300180AD9 /* PBXContainerItemProxy */ = {
			isa = PBXContainerItemProxy;
			containerPortal = 170FCC86235D05BF00180AD9 /* Project object */;
			proxyType = 1;
			remoteGlobalIDString = 170FCCB0235D05C300180AD9;
			remoteInfo = "BatteryWatchSK WatchKit Extension";
		};
/* End PBXContainerItemProxy section */

/* Begin PBXCopyFilesBuildPhase section */
		170FCCC7235D05C500180AD9 /* Embed App Extensions */ = {
			isa = PBXCopyFilesBuildPhase;
			buildActionMask = 2147483647;
			dstPath = "";
			dstSubfolderSpec = 13;
			files = (
				170FCCB2235D05C300180AD9 /* BatteryWatchSK WatchKit Extension.appex in Embed App Extensions */,
			);
			name = "Embed App Extensions";
			runOnlyForDeploymentPostprocessing = 0;
		};
		170FCCCB235D05C500180AD9 /* Embed Watch Content */ = {
			isa = PBXCopyFilesBuildPhase;
			buildActionMask = 2147483647;
			dstPath = "$(CONTENTS_FOLDER_PATH)/Watch";
			dstSubfolderSpec = 16;
			files = (
				170FCCA3235D05C200180AD9 /* BatteryWatchSK WatchKit App.app in Embed Watch Content */,
			);
			name = "Embed Watch Content";
			runOnlyForDeploymentPostprocessing = 0;
		};
		17BE8541236C801D00B0189E /* Embed Frameworks */ = {
			isa = PBXCopyFilesBuildPhase;
			buildActionMask = 2147483647;
			dstPath = "";
			dstSubfolderSpec = 10;
			files = (
			);
			name = "Embed Frameworks";
			runOnlyForDeploymentPostprocessing = 0;
		};
/* End PBXCopyFilesBuildPhase section */

/* Begin PBXFileReference section */
		170FCC8E235D05BF00180AD9 /* BatteryWatchSK.app */ = {isa = PBXFileReference; explicitFileType = wrapper.application; includeInIndex = 0; path = BatteryWatchSK.app; sourceTree = BUILT_PRODUCTS_DIR; };
		170FCC91235D05BF00180AD9 /* AppDelegate.swift */ = {isa = PBXFileReference; lastKnownFileType = sourcecode.swift; path = AppDelegate.swift; sourceTree = "<group>"; };
		170FCC93235D05BF00180AD9 /* SceneDelegate.swift */ = {isa = PBXFileReference; lastKnownFileType = sourcecode.swift; path = SceneDelegate.swift; sourceTree = "<group>"; };
		170FCC95235D05BF00180AD9 /* ViewController.swift */ = {isa = PBXFileReference; lastKnownFileType = sourcecode.swift; path = ViewController.swift; sourceTree = "<group>"; };
		170FCC98235D05BF00180AD9 /* Base */ = {isa = PBXFileReference; lastKnownFileType = file.storyboard; name = Base; path = Base.lproj/Main.storyboard; sourceTree = "<group>"; };
		170FCC9A235D05C100180AD9 /* Assets.xcassets */ = {isa = PBXFileReference; lastKnownFileType = folder.assetcatalog; path = Assets.xcassets; sourceTree = "<group>"; };
		170FCC9D235D05C100180AD9 /* Base */ = {isa = PBXFileReference; lastKnownFileType = file.storyboard; name = Base; path = Base.lproj/LaunchScreen.storyboard; sourceTree = "<group>"; };
		170FCC9F235D05C100180AD9 /* Info.plist */ = {isa = PBXFileReference; lastKnownFileType = text.plist.xml; path = Info.plist; sourceTree = "<group>"; };
		170FCCA2235D05C200180AD9 /* BatteryWatchSK WatchKit App.app */ = {isa = PBXFileReference; explicitFileType = wrapper.application; includeInIndex = 0; path = "BatteryWatchSK WatchKit App.app"; sourceTree = BUILT_PRODUCTS_DIR; };
		170FCCA8235D05C200180AD9 /* Base */ = {isa = PBXFileReference; lastKnownFileType = file.storyboard; name = Base; path = Base.lproj/Interface.storyboard; sourceTree = "<group>"; };
		170FCCAA235D05C300180AD9 /* Assets.xcassets */ = {isa = PBXFileReference; lastKnownFileType = folder.assetcatalog; path = Assets.xcassets; sourceTree = "<group>"; };
		170FCCAC235D05C300180AD9 /* Info.plist */ = {isa = PBXFileReference; lastKnownFileType = text.plist.xml; path = Info.plist; sourceTree = "<group>"; };
		170FCCB1235D05C300180AD9 /* BatteryWatchSK WatchKit Extension.appex */ = {isa = PBXFileReference; explicitFileType = "wrapper.app-extension"; includeInIndex = 0; path = "BatteryWatchSK WatchKit Extension.appex"; sourceTree = BUILT_PRODUCTS_DIR; };
		170FCCB6235D05C300180AD9 /* InterfaceController.swift */ = {isa = PBXFileReference; lastKnownFileType = sourcecode.swift; path = InterfaceController.swift; sourceTree = "<group>"; };
		170FCCB8235D05C300180AD9 /* ExtensionDelegate.swift */ = {isa = PBXFileReference; lastKnownFileType = sourcecode.swift; path = ExtensionDelegate.swift; sourceTree = "<group>"; };
		170FCCBA235D05C300180AD9 /* NotificationController.swift */ = {isa = PBXFileReference; lastKnownFileType = sourcecode.swift; path = NotificationController.swift; sourceTree = "<group>"; };
		170FCCBC235D05C300180AD9 /* ComplicationController.swift */ = {isa = PBXFileReference; lastKnownFileType = sourcecode.swift; path = ComplicationController.swift; sourceTree = "<group>"; };
		170FCCBE235D05C500180AD9 /* Assets.xcassets */ = {isa = PBXFileReference; lastKnownFileType = folder.assetcatalog; path = Assets.xcassets; sourceTree = "<group>"; };
		170FCCC0235D05C500180AD9 /* Info.plist */ = {isa = PBXFileReference; lastKnownFileType = text.plist.xml; path = Info.plist; sourceTree = "<group>"; };
		170FCCC1235D05C500180AD9 /* PushNotificationPayload.apns */ = {isa = PBXFileReference; lastKnownFileType = text; path = PushNotificationPayload.apns; sourceTree = "<group>"; };
		1718535E2375A7E40058777F /* Model.swift */ = {isa = PBXFileReference; lastKnownFileType = sourcecode.swift; path = Model.swift; sourceTree = "<group>"; };
		178877F6235F444E009457DB /* Model.swift */ = {isa = PBXFileReference; lastKnownFileType = sourcecode.swift; path = Model.swift; sourceTree = "<group>"; };
		17BE853B236C801200B0189E /* GoogleUtilities.framework */ = {isa = PBXFileReference; lastKnownFileType = wrapper.framework; path = GoogleUtilities.framework; sourceTree = "<group>"; };
		17BE853C236C801700B0189E /* GoogleMobileAds.framework */ = {isa = PBXFileReference; lastKnownFileType = wrapper.framework; path = GoogleMobileAds.framework; sourceTree = "<group>"; };
		17BE853D236C801B00B0189E /* GoogleAppMeasurement.framework */ = {isa = PBXFileReference; lastKnownFileType = wrapper.framework; path = GoogleAppMeasurement.framework; sourceTree = "<group>"; };
		17BE8542236C801E00B0189E /* nanopb.framework */ = {isa = PBXFileReference; lastKnownFileType = wrapper.framework; path = nanopb.framework; sourceTree = "<group>"; };
		730F30BF0F8F43D58474949B /* Pods-BatteryWatchSK.release.xcconfig */ = {isa = PBXFileReference; includeInIndex = 1; lastKnownFileType = text.xcconfig; name = "Pods-BatteryWatchSK.release.xcconfig"; path = "Target Support Files/Pods-BatteryWatchSK/Pods-BatteryWatchSK.release.xcconfig"; sourceTree = "<group>"; };
		AA1ABB9B37FB80C7299D9C2F /* Pods_BatteryWatchSK.framework */ = {isa = PBXFileReference; explicitFileType = wrapper.framework; includeInIndex = 0; path = Pods_BatteryWatchSK.framework; sourceTree = BUILT_PRODUCTS_DIR; };
		CE4A262B258CA46B00D3F200 /* ru */ = {isa = PBXFileReference; lastKnownFileType = text.plist.strings; name = ru; path = ru.lproj/Main.strings; sourceTree = "<group>"; };
		CE4A264A258CAE1500D3F200 /* ru */ = {isa = PBXFileReference; lastKnownFileType = text.plist.strings; name = ru; path = ru.lproj/Localizable.strings; sourceTree = "<group>"; };
		CE576CFF25DDA93B001564BA /* ViewControllerHelp.swift */ = {isa = PBXFileReference; lastKnownFileType = sourcecode.swift; path = ViewControllerHelp.swift; sourceTree = "<group>"; };
		F1434E3B37985A27367ABAED /* Pods-BatteryWatchSK.debug.xcconfig */ = {isa = PBXFileReference; includeInIndex = 1; lastKnownFileType = text.xcconfig; name = "Pods-BatteryWatchSK.debug.xcconfig"; path = "Target Support Files/Pods-BatteryWatchSK/Pods-BatteryWatchSK.debug.xcconfig"; sourceTree = "<group>"; };
/* End PBXFileReference section */

/* Begin PBXFrameworksBuildPhase section */
		170FCC8B235D05BF00180AD9 /* Frameworks */ = {
			isa = PBXFrameworksBuildPhase;
			buildActionMask = 2147483647;
			files = (
				17BE8543236C801E00B0189E /* GoogleUtilities.framework in Frameworks */,
				17BE8545236C801E00B0189E /* GoogleAppMeasurement.framework in Frameworks */,
				17BE8544236C801E00B0189E /* GoogleMobileAds.framework in Frameworks */,
				17BE8546236C801E00B0189E /* nanopb.framework in Frameworks */,
				14CE91E0BFF165F553219362 /* Pods_BatteryWatchSK.framework in Frameworks */,
			);
			runOnlyForDeploymentPostprocessing = 0;
		};
		170FCCAE235D05C300180AD9 /* Frameworks */ = {
			isa = PBXFrameworksBuildPhase;
			buildActionMask = 2147483647;
			files = (
			);
			runOnlyForDeploymentPostprocessing = 0;
		};
		252B119E11E18125D95D12CB /* Frameworks */ = {
			isa = PBXFrameworksBuildPhase;
			buildActionMask = 2147483647;
			files = (
			);
			runOnlyForDeploymentPostprocessing = 0;
		};
/* End PBXFrameworksBuildPhase section */

/* Begin PBXGroup section */
		00EB0D14244991EB5B381BC1 /* Frameworks */ = {
			isa = PBXGroup;
			children = (
				17BE853D236C801B00B0189E /* GoogleAppMeasurement.framework */,
				17BE853C236C801700B0189E /* GoogleMobileAds.framework */,
				17BE853B236C801200B0189E /* GoogleUtilities.framework */,
				17BE8542236C801E00B0189E /* nanopb.framework */,
				AA1ABB9B37FB80C7299D9C2F /* Pods_BatteryWatchSK.framework */,
			);
			name = Frameworks;
			sourceTree = "<group>";
		};
		170FCC85235D05BF00180AD9 = {
			isa = PBXGroup;
			children = (
				170FCC90235D05BF00180AD9 /* BatteryWatchSK */,
				170FCCA6235D05C200180AD9 /* BatteryWatchSK WatchKit App */,
				170FCCB5235D05C300180AD9 /* BatteryWatchSK WatchKit Extension */,
				170FCC8F235D05BF00180AD9 /* Products */,
				FDD39ADEBBF5E31A795C4A96 /* Pods */,
				00EB0D14244991EB5B381BC1 /* Frameworks */,
			);
			sourceTree = "<group>";
		};
		170FCC8F235D05BF00180AD9 /* Products */ = {
			isa = PBXGroup;
			children = (
				170FCC8E235D05BF00180AD9 /* BatteryWatchSK.app */,
				170FCCA2235D05C200180AD9 /* BatteryWatchSK WatchKit App.app */,
				170FCCB1235D05C300180AD9 /* BatteryWatchSK WatchKit Extension.appex */,
			);
			name = Products;
			sourceTree = "<group>";
		};
		170FCC90235D05BF00180AD9 /* BatteryWatchSK */ = {
			isa = PBXGroup;
			children = (
				170FCC91235D05BF00180AD9 /* AppDelegate.swift */,
				1718535E2375A7E40058777F /* Model.swift */,
				170FCC93235D05BF00180AD9 /* SceneDelegate.swift */,
				170FCC95235D05BF00180AD9 /* ViewController.swift */,
				CE576CFF25DDA93B001564BA /* ViewControllerHelp.swift */,
				170FCC97235D05BF00180AD9 /* Main.storyboard */,
				170FCC9A235D05C100180AD9 /* Assets.xcassets */,
				170FCC9C235D05C100180AD9 /* LaunchScreen.storyboard */,
				170FCC9F235D05C100180AD9 /* Info.plist */,
				CE4A2649258CAE1500D3F200 /* Localizable.strings */,
			);
			path = BatteryWatchSK;
			sourceTree = "<group>";
		};
		170FCCA6235D05C200180AD9 /* BatteryWatchSK WatchKit App */ = {
			isa = PBXGroup;
			children = (
				170FCCA7235D05C200180AD9 /* Interface.storyboard */,
				170FCCAA235D05C300180AD9 /* Assets.xcassets */,
				170FCCAC235D05C300180AD9 /* Info.plist */,
			);
			path = "BatteryWatchSK WatchKit App";
			sourceTree = "<group>";
		};
		170FCCB5235D05C300180AD9 /* BatteryWatchSK WatchKit Extension */ = {
			isa = PBXGroup;
			children = (
				170FCCB6235D05C300180AD9 /* InterfaceController.swift */,
				178877F6235F444E009457DB /* Model.swift */,
				170FCCBC235D05C300180AD9 /* ComplicationController.swift */,
				170FCCB8235D05C300180AD9 /* ExtensionDelegate.swift */,
				170FCCBA235D05C300180AD9 /* NotificationController.swift */,
				170FCCBE235D05C500180AD9 /* Assets.xcassets */,
				170FCCC0235D05C500180AD9 /* Info.plist */,
				170FCCC1235D05C500180AD9 /* PushNotificationPayload.apns */,
			);
			path = "BatteryWatchSK WatchKit Extension";
			sourceTree = "<group>";
		};
		FDD39ADEBBF5E31A795C4A96 /* Pods */ = {
			isa = PBXGroup;
			children = (
				F1434E3B37985A27367ABAED /* Pods-BatteryWatchSK.debug.xcconfig */,
				730F30BF0F8F43D58474949B /* Pods-BatteryWatchSK.release.xcconfig */,
			);
			path = Pods;
			sourceTree = "<group>";
		};
/* End PBXGroup section */

/* Begin PBXNativeTarget section */
		170FCC8D235D05BF00180AD9 /* BatteryWatchSK */ = {
			isa = PBXNativeTarget;
			buildConfigurationList = 170FCCCC235D05C500180AD9 /* Build configuration list for PBXNativeTarget "BatteryWatchSK" */;
			buildPhases = (
				8888383C5988B3ED26B5C6B1 /* [CP] Check Pods Manifest.lock */,
				170FCC8A235D05BF00180AD9 /* Sources */,
				170FCC8B235D05BF00180AD9 /* Frameworks */,
				170FCC8C235D05BF00180AD9 /* Resources */,
				170FCCCB235D05C500180AD9 /* Embed Watch Content */,
				F5783729C962E62ABAE46A3A /* [CP] Embed Pods Frameworks */,
				17BE8541236C801D00B0189E /* Embed Frameworks */,
			);
			buildRules = (
			);
			dependencies = (
				170FCCA5235D05C200180AD9 /* PBXTargetDependency */,
			);
			name = BatteryWatchSK;
			productName = BatteryWatchSK;
			productReference = 170FCC8E235D05BF00180AD9 /* BatteryWatchSK.app */;
			productType = "com.apple.product-type.application";
		};
		170FCCA1235D05C200180AD9 /* BatteryWatchSK WatchKit App */ = {
			isa = PBXNativeTarget;
			buildConfigurationList = 170FCCC8235D05C500180AD9 /* Build configuration list for PBXNativeTarget "BatteryWatchSK WatchKit App" */;
			buildPhases = (
				170FCCA0235D05C200180AD9 /* Resources */,
				170FCCC7235D05C500180AD9 /* Embed App Extensions */,
				252B119E11E18125D95D12CB /* Frameworks */,
			);
			buildRules = (
			);
			dependencies = (
				170FCCB4235D05C300180AD9 /* PBXTargetDependency */,
			);
			name = "BatteryWatchSK WatchKit App";
			productName = "BatteryWatchSK WatchKit App";
			productReference = 170FCCA2235D05C200180AD9 /* BatteryWatchSK WatchKit App.app */;
			productType = "com.apple.product-type.application.watchapp2";
		};
		170FCCB0235D05C300180AD9 /* BatteryWatchSK WatchKit Extension */ = {
			isa = PBXNativeTarget;
			buildConfigurationList = 170FCCC4235D05C500180AD9 /* Build configuration list for PBXNativeTarget "BatteryWatchSK WatchKit Extension" */;
			buildPhases = (
				170FCCAD235D05C300180AD9 /* Sources */,
				170FCCAE235D05C300180AD9 /* Frameworks */,
				170FCCAF235D05C300180AD9 /* Resources */,
			);
			buildRules = (
			);
			dependencies = (
			);
			name = "BatteryWatchSK WatchKit Extension";
			productName = "BatteryWatchSK WatchKit Extension";
			productReference = 170FCCB1235D05C300180AD9 /* BatteryWatchSK WatchKit Extension.appex */;
			productType = "com.apple.product-type.watchkit2-extension";
		};
/* End PBXNativeTarget section */

/* Begin PBXProject section */
		170FCC86235D05BF00180AD9 /* Project object */ = {
			isa = PBXProject;
			attributes = {
				LastSwiftUpdateCheck = 1110;
				LastUpgradeCheck = 1200;
				ORGANIZATIONNAME = "Сергей Костров";
				TargetAttributes = {
					170FCC8D235D05BF00180AD9 = {
						CreatedOnToolsVersion = 11.1;
					};
					170FCCA1235D05C200180AD9 = {
						CreatedOnToolsVersion = 11.1;
					};
					170FCCB0235D05C300180AD9 = {
						CreatedOnToolsVersion = 11.1;
					};
				};
			};
			buildConfigurationList = 170FCC89235D05BF00180AD9 /* Build configuration list for PBXProject "BatteryWatchSK" */;
			compatibilityVersion = "Xcode 9.3";
			developmentRegion = en;
			hasScannedForEncodings = 0;
			knownRegions = (
				en,
				Base,
				ru,
			);
			mainGroup = 170FCC85235D05BF00180AD9;
			productRefGroup = 170FCC8F235D05BF00180AD9 /* Products */;
			projectDirPath = "";
			projectRoot = "";
			targets = (
				170FCC8D235D05BF00180AD9 /* BatteryWatchSK */,
				170FCCA1235D05C200180AD9 /* BatteryWatchSK WatchKit App */,
				170FCCB0235D05C300180AD9 /* BatteryWatchSK WatchKit Extension */,
			);
		};
/* End PBXProject section */

/* Begin PBXResourcesBuildPhase section */
		170FCC8C235D05BF00180AD9 /* Resources */ = {
			isa = PBXResourcesBuildPhase;
			buildActionMask = 2147483647;
			files = (
				170FCC9E235D05C100180AD9 /* LaunchScreen.storyboard in Resources */,
				CE4A264B258CAE1500D3F200 /* Localizable.strings in Resources */,
				170FCC9B235D05C100180AD9 /* Assets.xcassets in Resources */,
				170FCC99235D05BF00180AD9 /* Main.storyboard in Resources */,
			);
			runOnlyForDeploymentPostprocessing = 0;
		};
		170FCCA0235D05C200180AD9 /* Resources */ = {
			isa = PBXResourcesBuildPhase;
			buildActionMask = 2147483647;
			files = (
				170FCCAB235D05C300180AD9 /* Assets.xcassets in Resources */,
				170FCCA9235D05C200180AD9 /* Interface.storyboard in Resources */,
			);
			runOnlyForDeploymentPostprocessing = 0;
		};
		170FCCAF235D05C300180AD9 /* Resources */ = {
			isa = PBXResourcesBuildPhase;
			buildActionMask = 2147483647;
			files = (
				170FCCBF235D05C500180AD9 /* Assets.xcassets in Resources */,
			);
			runOnlyForDeploymentPostprocessing = 0;
		};
/* End PBXResourcesBuildPhase section */

/* Begin PBXShellScriptBuildPhase section */
		8888383C5988B3ED26B5C6B1 /* [CP] Check Pods Manifest.lock */ = {
			isa = PBXShellScriptBuildPhase;
			buildActionMask = 2147483647;
			files = (
			);
			inputFileListPaths = (
			);
			inputPaths = (
				"${PODS_PODFILE_DIR_PATH}/Podfile.lock",
				"${PODS_ROOT}/Manifest.lock",
			);
			name = "[CP] Check Pods Manifest.lock";
			outputFileListPaths = (
			);
			outputPaths = (
				"$(DERIVED_FILE_DIR)/Pods-BatteryWatchSK-checkManifestLockResult.txt",
			);
			runOnlyForDeploymentPostprocessing = 0;
			shellPath = /bin/sh;
			shellScript = "diff \"${PODS_PODFILE_DIR_PATH}/Podfile.lock\" \"${PODS_ROOT}/Manifest.lock\" > /dev/null\nif [ $? != 0 ] ; then\n    # print error to STDERR\n    echo \"error: The sandbox is not in sync with the Podfile.lock. Run 'pod install' or update your CocoaPods installation.\" >&2\n    exit 1\nfi\n# This output is used by Xcode 'outputs' to avoid re-running this script phase.\necho \"SUCCESS\" > \"${SCRIPT_OUTPUT_FILE_0}\"\n";
			showEnvVarsInLog = 0;
		};
		F5783729C962E62ABAE46A3A /* [CP] Embed Pods Frameworks */ = {
			isa = PBXShellScriptBuildPhase;
			buildActionMask = 2147483647;
			files = (
			);
			inputFileListPaths = (
				"${PODS_ROOT}/Target Support Files/Pods-BatteryWatchSK/Pods-BatteryWatchSK-frameworks-${CONFIGURATION}-input-files.xcfilelist",
			);
			name = "[CP] Embed Pods Frameworks";
			outputFileListPaths = (
				"${PODS_ROOT}/Target Support Files/Pods-BatteryWatchSK/Pods-BatteryWatchSK-frameworks-${CONFIGURATION}-output-files.xcfilelist",
			);
			runOnlyForDeploymentPostprocessing = 0;
			shellPath = /bin/sh;
			shellScript = "\"${PODS_ROOT}/Target Support Files/Pods-BatteryWatchSK/Pods-BatteryWatchSK-frameworks.sh\"\n";
			showEnvVarsInLog = 0;
		};
/* End PBXShellScriptBuildPhase section */

/* Begin PBXSourcesBuildPhase section */
		170FCC8A235D05BF00180AD9 /* Sources */ = {
			isa = PBXSourcesBuildPhase;
			buildActionMask = 2147483647;
			files = (
				170FCC96235D05BF00180AD9 /* ViewController.swift in Sources */,
				170FCC92235D05BF00180AD9 /* AppDelegate.swift in Sources */,
				170FCC94235D05BF00180AD9 /* SceneDelegate.swift in Sources */,
				1718535F2375A7E40058777F /* Model.swift in Sources */,
				CE576D0025DDA93B001564BA /* ViewControllerHelp.swift in Sources */,
			);
			runOnlyForDeploymentPostprocessing = 0;
		};
		170FCCAD235D05C300180AD9 /* Sources */ = {
			isa = PBXSourcesBuildPhase;
			buildActionMask = 2147483647;
			files = (
				178877F7235F444E009457DB /* Model.swift in Sources */,
				170FCCBB235D05C300180AD9 /* NotificationController.swift in Sources */,
				170FCCBD235D05C300180AD9 /* ComplicationController.swift in Sources */,
				170FCCB9235D05C300180AD9 /* ExtensionDelegate.swift in Sources */,
				170FCCB7235D05C300180AD9 /* InterfaceController.swift in Sources */,
			);
			runOnlyForDeploymentPostprocessing = 0;
		};
/* End PBXSourcesBuildPhase section */

/* Begin PBXTargetDependency section */
		170FCCA5235D05C200180AD9 /* PBXTargetDependency */ = {
			isa = PBXTargetDependency;
			target = 170FCCA1235D05C200180AD9 /* BatteryWatchSK WatchKit App */;
			targetProxy = 170FCCA4235D05C200180AD9 /* PBXContainerItemProxy */;
		};
		170FCCB4235D05C300180AD9 /* PBXTargetDependency */ = {
			isa = PBXTargetDependency;
			target = 170FCCB0235D05C300180AD9 /* BatteryWatchSK WatchKit Extension */;
			targetProxy = 170FCCB3235D05C300180AD9 /* PBXContainerItemProxy */;
		};
/* End PBXTargetDependency section */

/* Begin PBXVariantGroup section */
		170FCC97235D05BF00180AD9 /* Main.storyboard */ = {
			isa = PBXVariantGroup;
			children = (
				170FCC98235D05BF00180AD9 /* Base */,
				CE4A262B258CA46B00D3F200 /* ru */,
			);
			name = Main.storyboard;
			sourceTree = "<group>";
		};
		170FCC9C235D05C100180AD9 /* LaunchScreen.storyboard */ = {
			isa = PBXVariantGroup;
			children = (
				170FCC9D235D05C100180AD9 /* Base */,
			);
			name = LaunchScreen.storyboard;
			sourceTree = "<group>";
		};
		170FCCA7235D05C200180AD9 /* Interface.storyboard */ = {
			isa = PBXVariantGroup;
			children = (
				170FCCA8235D05C200180AD9 /* Base */,
			);
			name = Interface.storyboard;
			sourceTree = "<group>";
		};
		CE4A2649258CAE1500D3F200 /* Localizable.strings */ = {
			isa = PBXVariantGroup;
			children = (
				CE4A264A258CAE1500D3F200 /* ru */,
			);
			name = Localizable.strings;
			sourceTree = "<group>";
		};
/* End PBXVariantGroup section */

/* Begin XCBuildConfiguration section */
		170FCCC2235D05C500180AD9 /* Debug */ = {
			isa = XCBuildConfiguration;
			buildSettings = {
				ALWAYS_SEARCH_USER_PATHS = NO;
				CLANG_ANALYZER_LOCALIZABILITY_NONLOCALIZED = YES;
				CLANG_ANALYZER_NONNULL = YES;
				CLANG_ANALYZER_NUMBER_OBJECT_CONVERSION = YES_AGGRESSIVE;
				CLANG_CXX_LANGUAGE_STANDARD = "gnu++14";
				CLANG_CXX_LIBRARY = "libc++";
				CLANG_ENABLE_MODULES = YES;
				CLANG_ENABLE_OBJC_ARC = YES;
				CLANG_ENABLE_OBJC_WEAK = YES;
				CLANG_WARN_BLOCK_CAPTURE_AUTORELEASING = YES;
				CLANG_WARN_BOOL_CONVERSION = YES;
				CLANG_WARN_COMMA = YES;
				CLANG_WARN_CONSTANT_CONVERSION = YES;
				CLANG_WARN_DEPRECATED_OBJC_IMPLEMENTATIONS = YES;
				CLANG_WARN_DIRECT_OBJC_ISA_USAGE = YES_ERROR;
				CLANG_WARN_DOCUMENTATION_COMMENTS = YES;
				CLANG_WARN_EMPTY_BODY = YES;
				CLANG_WARN_ENUM_CONVERSION = YES;
				CLANG_WARN_INFINITE_RECURSION = YES;
				CLANG_WARN_INT_CONVERSION = YES;
				CLANG_WARN_NON_LITERAL_NULL_CONVERSION = YES;
				CLANG_WARN_OBJC_IMPLICIT_RETAIN_SELF = YES;
				CLANG_WARN_OBJC_LITERAL_CONVERSION = YES;
				CLANG_WARN_OBJC_ROOT_CLASS = YES_ERROR;
				CLANG_WARN_QUOTED_INCLUDE_IN_FRAMEWORK_HEADER = YES;
				CLANG_WARN_RANGE_LOOP_ANALYSIS = YES;
				CLANG_WARN_STRICT_PROTOTYPES = YES;
				CLANG_WARN_SUSPICIOUS_MOVE = YES;
				CLANG_WARN_UNGUARDED_AVAILABILITY = YES_AGGRESSIVE;
				CLANG_WARN_UNREACHABLE_CODE = YES;
				CLANG_WARN__DUPLICATE_METHOD_MATCH = YES;
				COPY_PHASE_STRIP = NO;
				DEBUG_INFORMATION_FORMAT = dwarf;
				ENABLE_STRICT_OBJC_MSGSEND = YES;
				ENABLE_TESTABILITY = YES;
				GCC_C_LANGUAGE_STANDARD = gnu11;
				GCC_DYNAMIC_NO_PIC = NO;
				GCC_NO_COMMON_BLOCKS = YES;
				GCC_OPTIMIZATION_LEVEL = 0;
				GCC_PREPROCESSOR_DEFINITIONS = (
					"DEBUG=1",
					"$(inherited)",
				);
				GCC_WARN_64_TO_32_BIT_CONVERSION = YES;
				GCC_WARN_ABOUT_RETURN_TYPE = YES_ERROR;
				GCC_WARN_UNDECLARED_SELECTOR = YES;
				GCC_WARN_UNINITIALIZED_AUTOS = YES_AGGRESSIVE;
				GCC_WARN_UNUSED_FUNCTION = YES;
				GCC_WARN_UNUSED_VARIABLE = YES;
				IPHONEOS_DEPLOYMENT_TARGET = 13.0;
				MTL_ENABLE_DEBUG_INFO = INCLUDE_SOURCE;
				MTL_FAST_MATH = YES;
				ONLY_ACTIVE_ARCH = YES;
				OTHER_LDFLAGS = "-ObjC";
				SDKROOT = iphoneos;
				SWIFT_ACTIVE_COMPILATION_CONDITIONS = DEBUG;
				SWIFT_OPTIMIZATION_LEVEL = "-Onone";
			};
			name = Debug;
		};
		170FCCC3235D05C500180AD9 /* Release */ = {
			isa = XCBuildConfiguration;
			buildSettings = {
				ALWAYS_SEARCH_USER_PATHS = NO;
				CLANG_ANALYZER_LOCALIZABILITY_NONLOCALIZED = YES;
				CLANG_ANALYZER_NONNULL = YES;
				CLANG_ANALYZER_NUMBER_OBJECT_CONVERSION = YES_AGGRESSIVE;
				CLANG_CXX_LANGUAGE_STANDARD = "gnu++14";
				CLANG_CXX_LIBRARY = "libc++";
				CLANG_ENABLE_MODULES = YES;
				CLANG_ENABLE_OBJC_ARC = YES;
				CLANG_ENABLE_OBJC_WEAK = YES;
				CLANG_WARN_BLOCK_CAPTURE_AUTORELEASING = YES;
				CLANG_WARN_BOOL_CONVERSION = YES;
				CLANG_WARN_COMMA = YES;
				CLANG_WARN_CONSTANT_CONVERSION = YES;
				CLANG_WARN_DEPRECATED_OBJC_IMPLEMENTATIONS = YES;
				CLANG_WARN_DIRECT_OBJC_ISA_USAGE = YES_ERROR;
				CLANG_WARN_DOCUMENTATION_COMMENTS = YES;
				CLANG_WARN_EMPTY_BODY = YES;
				CLANG_WARN_ENUM_CONVERSION = YES;
				CLANG_WARN_INFINITE_RECURSION = YES;
				CLANG_WARN_INT_CONVERSION = YES;
				CLANG_WARN_NON_LITERAL_NULL_CONVERSION = YES;
				CLANG_WARN_OBJC_IMPLICIT_RETAIN_SELF = YES;
				CLANG_WARN_OBJC_LITERAL_CONVERSION = YES;
				CLANG_WARN_OBJC_ROOT_CLASS = YES_ERROR;
				CLANG_WARN_QUOTED_INCLUDE_IN_FRAMEWORK_HEADER = YES;
				CLANG_WARN_RANGE_LOOP_ANALYSIS = YES;
				CLANG_WARN_STRICT_PROTOTYPES = YES;
				CLANG_WARN_SUSPICIOUS_MOVE = YES;
				CLANG_WARN_UNGUARDED_AVAILABILITY = YES_AGGRESSIVE;
				CLANG_WARN_UNREACHABLE_CODE = YES;
				CLANG_WARN__DUPLICATE_METHOD_MATCH = YES;
				COPY_PHASE_STRIP = NO;
				DEBUG_INFORMATION_FORMAT = "dwarf-with-dsym";
				ENABLE_NS_ASSERTIONS = NO;
				ENABLE_STRICT_OBJC_MSGSEND = YES;
				GCC_C_LANGUAGE_STANDARD = gnu11;
				GCC_NO_COMMON_BLOCKS = YES;
				GCC_WARN_64_TO_32_BIT_CONVERSION = YES;
				GCC_WARN_ABOUT_RETURN_TYPE = YES_ERROR;
				GCC_WARN_UNDECLARED_SELECTOR = YES;
				GCC_WARN_UNINITIALIZED_AUTOS = YES_AGGRESSIVE;
				GCC_WARN_UNUSED_FUNCTION = YES;
				GCC_WARN_UNUSED_VARIABLE = YES;
				IPHONEOS_DEPLOYMENT_TARGET = 13.0;
				MTL_ENABLE_DEBUG_INFO = NO;
				MTL_FAST_MATH = YES;
				OTHER_LDFLAGS = "-ObjC";
				SDKROOT = iphoneos;
				SWIFT_COMPILATION_MODE = wholemodule;
				SWIFT_OPTIMIZATION_LEVEL = "-O";
				VALIDATE_PRODUCT = YES;
			};
			name = Release;
		};
		170FCCC5235D05C500180AD9 /* Debug */ = {
			isa = XCBuildConfiguration;
			buildSettings = {
				ASSETCATALOG_COMPILER_COMPLICATION_NAME = Complication;
				CODE_SIGN_STYLE = Automatic;
				CURRENT_PROJECT_VERSION = 6;
				DEVELOPMENT_TEAM = 85UAW96Q68;
				INFOPLIST_FILE = "BatteryWatchSK WatchKit Extension/Info.plist";
				LD_RUNPATH_SEARCH_PATHS = (
					"$(inherited)",
					"@executable_path/Frameworks",
					"@executable_path/../../Frameworks",
				);
				MARKETING_VERSION = 2.6;
				PRODUCT_BUNDLE_IDENTIFIER = com.rokot.BatteryWatchSK.watchkitapp.watchkitextension;
				PRODUCT_NAME = "${TARGET_NAME}";
				SDKROOT = watchos;
				SKIP_INSTALL = YES;
				SWIFT_VERSION = 5.0;
				TARGETED_DEVICE_FAMILY = 4;
				WATCHOS_DEPLOYMENT_TARGET = 7.0;
			};
			name = Debug;
		};
		170FCCC6235D05C500180AD9 /* Release */ = {
			isa = XCBuildConfiguration;
			buildSettings = {
				ASSETCATALOG_COMPILER_COMPLICATION_NAME = Complication;
				CODE_SIGN_STYLE = Automatic;
				CURRENT_PROJECT_VERSION = 6;
				DEVELOPMENT_TEAM = 85UAW96Q68;
				INFOPLIST_FILE = "BatteryWatchSK WatchKit Extension/Info.plist";
				LD_RUNPATH_SEARCH_PATHS = (
					"$(inherited)",
					"@executable_path/Frameworks",
					"@executable_path/../../Frameworks",
				);
				MARKETING_VERSION = 2.6;
				PRODUCT_BUNDLE_IDENTIFIER = com.rokot.BatteryWatchSK.watchkitapp.watchkitextension;
				PRODUCT_NAME = "${TARGET_NAME}";
				SDKROOT = watchos;
				SKIP_INSTALL = YES;
				SWIFT_VERSION = 5.0;
				TARGETED_DEVICE_FAMILY = 4;
				WATCHOS_DEPLOYMENT_TARGET = 7.0;
			};
			name = Release;
		};
		170FCCC9235D05C500180AD9 /* Debug */ = {
			isa = XCBuildConfiguration;
			buildSettings = {
				ALWAYS_EMBED_SWIFT_STANDARD_LIBRARIES = YES;
				ASSETCATALOG_COMPILER_APPICON_NAME = AppIcon;
				CODE_SIGN_STYLE = Automatic;
				CURRENT_PROJECT_VERSION = 6;
				DEVELOPMENT_TEAM = 85UAW96Q68;
				IBSC_MODULE = BatteryWatchSK_WatchKit_Extension;
				INFOPLIST_FILE = "BatteryWatchSK WatchKit App/Info.plist";
				MARKETING_VERSION = 2.6;
				PRODUCT_BUNDLE_IDENTIFIER = com.rokot.BatteryWatchSK.watchkitapp;
				PRODUCT_NAME = "$(TARGET_NAME)";
				SDKROOT = watchos;
				SKIP_INSTALL = YES;
				SWIFT_VERSION = 5.0;
				TARGETED_DEVICE_FAMILY = 4;
				WATCHOS_DEPLOYMENT_TARGET = 7.0;
			};
			name = Debug;
		};
		170FCCCA235D05C500180AD9 /* Release */ = {
			isa = XCBuildConfiguration;
			buildSettings = {
				ALWAYS_EMBED_SWIFT_STANDARD_LIBRARIES = YES;
				ASSETCATALOG_COMPILER_APPICON_NAME = AppIcon;
				CODE_SIGN_STYLE = Automatic;
				CURRENT_PROJECT_VERSION = 6;
				DEVELOPMENT_TEAM = 85UAW96Q68;
				IBSC_MODULE = BatteryWatchSK_WatchKit_Extension;
				INFOPLIST_FILE = "BatteryWatchSK WatchKit App/Info.plist";
				MARKETING_VERSION = 2.6;
				PRODUCT_BUNDLE_IDENTIFIER = com.rokot.BatteryWatchSK.watchkitapp;
				PRODUCT_NAME = "$(TARGET_NAME)";
				SDKROOT = watchos;
				SKIP_INSTALL = YES;
				SWIFT_VERSION = 5.0;
				TARGETED_DEVICE_FAMILY = 4;
				WATCHOS_DEPLOYMENT_TARGET = 7.0;
			};
			name = Release;
		};
		170FCCCD235D05C500180AD9 /* Debug */ = {
			isa = XCBuildConfiguration;
			baseConfigurationReference = F1434E3B37985A27367ABAED /* Pods-BatteryWatchSK.debug.xcconfig */;
			buildSettings = {
				ASSETCATALOG_COMPILER_APPICON_NAME = AppIcon;
				CODE_SIGN_STYLE = Automatic;
				CURRENT_PROJECT_VERSION = 6;
				DEVELOPMENT_TEAM = 85UAW96Q68;
				FRAMEWORK_SEARCH_PATHS = (
					"$(inherited)",
					"$(PROJECT_DIR)/BatteryWatchSK/Licenses",
					"$(PROJECT_DIR)",
				);
				INFOPLIST_FILE = BatteryWatchSK/Info.plist;
				LD_RUNPATH_SEARCH_PATHS = (
					"$(inherited)",
					"@executable_path/Frameworks",
				);
				MARKETING_VERSION = 2.6;
				OTHER_LDFLAGS = "-ObjC";
				PRODUCT_BUNDLE_IDENTIFIER = com.rokot.BatteryWatchSK;
				PRODUCT_NAME = "$(TARGET_NAME)";
				SWIFT_VERSION = 5.0;
				TARGETED_DEVICE_FAMILY = 1;
			};
			name = Debug;
		};
		170FCCCE235D05C500180AD9 /* Release */ = {
			isa = XCBuildConfiguration;
			baseConfigurationReference = 730F30BF0F8F43D58474949B /* Pods-BatteryWatchSK.release.xcconfig */;
			buildSettings = {
				ASSETCATALOG_COMPILER_APPICON_NAME = AppIcon;
				CODE_SIGN_STYLE = Automatic;
				CURRENT_PROJECT_VERSION = 6;
				DEVELOPMENT_TEAM = 85UAW96Q68;
				FRAMEWORK_SEARCH_PATHS = (
					"$(inherited)",
					"$(PROJECT_DIR)/BatteryWatchSK/Licenses",
					"$(PROJECT_DIR)",
				);
				INFOPLIST_FILE = BatteryWatchSK/Info.plist;
				LD_RUNPATH_SEARCH_PATHS = (
					"$(inherited)",
					"@executable_path/Frameworks",
				);
				MARKETING_VERSION = 2.6;
				OTHER_LDFLAGS = "-ObjC";
				PRODUCT_BUNDLE_IDENTIFIER = com.rokot.BatteryWatchSK;
				PRODUCT_NAME = "$(TARGET_NAME)";
				SWIFT_VERSION = 5.0;
				TARGETED_DEVICE_FAMILY = 1;
			};
			name = Release;
		};
/* End XCBuildConfiguration section */

/* Begin XCConfigurationList section */
		170FCC89235D05BF00180AD9 /* Build configuration list for PBXProject "BatteryWatchSK" */ = {
			isa = XCConfigurationList;
			buildConfigurations = (
				170FCCC2235D05C500180AD9 /* Debug */,
				170FCCC3235D05C500180AD9 /* Release */,
			);
			defaultConfigurationIsVisible = 0;
			defaultConfigurationName = Release;
		};
		170FCCC4235D05C500180AD9 /* Build configuration list for PBXNativeTarget "BatteryWatchSK WatchKit Extension" */ = {
			isa = XCConfigurationList;
			buildConfigurations = (
				170FCCC5235D05C500180AD9 /* Debug */,
				170FCCC6235D05C500180AD9 /* Release */,
			);
			defaultConfigurationIsVisible = 0;
			defaultConfigurationName = Release;
		};
		170FCCC8235D05C500180AD9 /* Build configuration list for PBXNativeTarget "BatteryWatchSK WatchKit App" */ = {
			isa = XCConfigurationList;
			buildConfigurations = (
				170FCCC9235D05C500180AD9 /* Debug */,
				170FCCCA235D05C500180AD9 /* Release */,
			);
			defaultConfigurationIsVisible = 0;
			defaultConfigurationName = Release;
		};
		170FCCCC235D05C500180AD9 /* Build configuration list for PBXNativeTarget "BatteryWatchSK" */ = {
			isa = XCConfigurationList;
			buildConfigurations = (
				170FCCCD235D05C500180AD9 /* Debug */,
				170FCCCE235D05C500180AD9 /* Release */,
			);
			defaultConfigurationIsVisible = 0;
			defaultConfigurationName = Release;
		};
/* End XCConfigurationList section */
	};
	rootObject = 170FCC86235D05BF00180AD9 /* Project object */;
}
